Microsoft Visual Studio Solution File, Format Version 12.00
# Visual Studio Version 17
VisualStudioVersion = 17.5.2.0
MinimumVisualStudioVersion = 10.0.40219.1
Project("{2150E333-8FDC-42A3-9474-1A3956D46DE8}") = "core-api", "core-api", "{BAD30161-C48F-378D-616A-4F47E3198749}"
EndProject
Project("{2150E333-8FDC-42A3-9474-1A3956D46DE8}") = "src", "src", "{83E16C0E-38BB-5FC3-707A-55986F2493A4}"
EndProject
Project("{FAE04EC0-301F-11D3-BF4B-00C04F79EFBC}") = "Core.Application", "core-api\src\Core.Application\Core.Application.csproj", "{108D94CA-AD76-D800-B62F-38BF96E5E8C7}"
EndProject
Project("{FAE04EC0-301F-11D3-BF4B-00C04F79EFBC}") = "Core.Domain", "core-api\src\Core.Domain\Core.Domain.csproj", "{38B41798-DAB1-719A-95B7-D3A5A8FB599F}"
EndProject
Project("{FAE04EC0-301F-11D3-BF4B-00C04F79EFBC}") = "Core.Infrastructure", "core-api\src\Core.Infrastructure\Core.Infrastructure.csproj", "{5F3BB27A-7A9F-B449-183A-FCDA77F525BD}"
EndProject
Global
	GlobalSection(SolutionConfigurationPlatforms) = preSolution
		Debug|Any CPU = Debug|Any CPU
		Release|Any CPU = Release|Any CPU
	EndGlobalSection
	GlobalSection(ProjectConfigurationPlatforms) = postSolution
		{108D94CA-AD76-D800-B62F-38BF96E5E8C7}.Debug|Any CPU.ActiveCfg = Debug|Any CPU
		{108D94CA-AD76-D800-B62F-38BF96E5E8C7}.Debug|Any CPU.Build.0 = Debug|Any CPU
		{108D94CA-AD76-D800-B62F-38BF96E5E8C7}.Release|Any CPU.ActiveCfg = Release|Any CPU
		{108D94CA-AD76-D800-B62F-38BF96E5E8C7}.Release|Any CPU.Build.0 = Release|Any CPU
		{38B41798-DAB1-719A-95B7-D3A5A8FB599F}.Debug|Any CPU.ActiveCfg = Debug|Any CPU
		{38B41798-DAB1-719A-95B7-D3A5A8FB599F}.Debug|Any CPU.Build.0 = Debug|Any CPU
		{38B41798-DAB1-719A-95B7-D3A5A8FB599F}.Release|Any CPU.ActiveCfg = Release|Any CPU
		{38B41798-DAB1-719A-95B7-D3A5A8FB599F}.Release|Any CPU.Build.0 = Release|Any CPU
		{5F3BB27A-7A9F-B449-183A-FCDA77F525BD}.Debug|Any CPU.ActiveCfg = Debug|Any CPU
		{5F3BB27A-7A9F-B449-183A-FCDA77F525BD}.Debug|Any CPU.Build.0 = Debug|Any CPU
		{5F3BB27A-7A9F-B449-183A-FCDA77F525BD}.Release|Any CPU.ActiveCfg = Release|Any CPU
		{5F3BB27A-7A9F-B449-183A-FCDA77F525BD}.Release|Any CPU.Build.0 = Release|Any CPU
	EndGlobalSection
	GlobalSection(SolutionProperties) = preSolution
		HideSolutionNode = FALSE
	EndGlobalSection
	GlobalSection(NestedProjects) = preSolution
		{83E16C0E-38BB-5FC3-707A-55986F2493A4} = {BAD30161-C48F-378D-616A-4F47E3198749}
		{108D94CA-AD76-D800-B62F-38BF96E5E8C7} = {83E16C0E-38BB-5FC3-707A-55986F2493A4}
		{38B41798-DAB1-719A-95B7-D3A5A8FB599F} = {83E16C0E-38BB-5FC3-707A-55986F2493A4}
		{5F3BB27A-7A9F-B449-183A-FCDA77F525BD} = {83E16C0E-38BB-5FC3-707A-55986F2493A4}
	EndGlobalSection
	GlobalSection(ExtensibilityGlobals) = postSolution
		SolutionGuid = {38C6F4EA-036F-46C0-8B6E-64A099F5E277}
	EndGlobalSection
EndGlobal
